
Microsoft Visual Studio Solution File, Format Version 12.00
# Visual Studio 15
VisualStudioVersion = 15.0.27703.2035
MinimumVisualStudioVersion = 10.0.40219.1
Project("{9A19103F-16F7-4668-BE54-9A1E7A4F7556}") = "ProjectDocServer", "ProjectDocServer\ProjectDocServer.csproj", "{2EC9F8E4-2D44-42D3-BF85-91499A6F7DD5}"
EndProject
Project("{9092AA53-FB77-4645-B42D-1CCCA6BD08BD}") = "ProjectDocClient", "ProjectDocClient\ProjectDocClient.njsproj", "{17ED1C93-1853-43D1-B2D5-5D959A5BFF13}"
EndProject
Global
	GlobalSection(SolutionConfigurationPlatforms) = preSolution
		Debug|Any CPU = Debug|Any CPU
		Release|Any CPU = Release|Any CPU
	EndGlobalSection
	GlobalSection(ProjectConfigurationPlatforms) = postSolution
		{2EC9F8E4-2D44-42D3-BF85-91499A6F7DD5}.Debug|Any CPU.ActiveCfg = Debug|Any CPU
		{2EC9F8E4-2D44-42D3-BF85-91499A6F7DD5}.Debug|Any CPU.Build.0 = Debug|Any CPU
		{2EC9F8E4-2D44-42D3-BF85-91499A6F7DD5}.Release|Any CPU.ActiveCfg = Release|Any CPU
		{2EC9F8E4-2D44-42D3-BF85-91499A6F7DD5}.Release|Any CPU.Build.0 = Release|Any CPU
		{17ED1C93-1853-43D1-B2D5-5D959A5BFF13}.Debug|Any CPU.ActiveCfg = Debug|Any CPU
		{17ED1C93-1853-43D1-B2D5-5D959A5BFF13}.Debug|Any CPU.Build.0 = Debug|Any CPU
		{17ED1C93-1853-43D1-B2D5-5D959A5BFF13}.Release|Any CPU.ActiveCfg = Release|Any CPU
		{17ED1C93-1853-43D1-B2D5-5D959A5BFF13}.Release|Any CPU.Build.0 = Release|Any CPU
	EndGlobalSection
	GlobalSection(SolutionProperties) = preSolution
		HideSolutionNode = FALSE
	EndGlobalSection
	GlobalSection(ExtensibilityGlobals) = postSolution
		SolutionGuid = {04CB6359-0B4E-485C-88C1-9F515BBF9A41}
	EndGlobalSection
EndGlobal
